[[package]]
name = "decorator"
version = "5.1.1"
description = "Decorators for Humans"
category = "main"
optional = false
python-versions = ">=3.5"

[[package]]
name = "self"
version = "2020.12.3"
description = "@self decorator makes method return self (jQuery-like chaining)"
category = "main"
optional = false
python-versions = "*"

[package.dependencies]
decorator = "*"

[metadata]
lock-version = "1.1"
python-versions = "^3.8"
content-hash = "af2d5a9a0f50fee68c051a84563980a638d7f6212382f14eee33836887288acb"

[metadata.files]
decorator = []
self = []
